
Microsoft Visual Studio Solution File, Format Version 12.00
# Visual Studio Version 17
VisualStudioVersion = 17.4.33403.182
MinimumVisualStudioVersion = 10.0.40219.1
Project("{9A19103F-16F7-4668-BE54-9A1E7A4F7556}") = "KnowledgeCheck2", "KnowledgeCheck2.csproj", "{845CDA1E-B89A-4BD0-A2FA-CEC8F4F3B723}"
EndProject
Global
	GlobalSection(SolutionConfigurationPlatforms) = preSolution
		Debug|Any CPU = Debug|Any CPU
		Release|Any CPU = Release|Any CPU
	EndGlobalSection
	GlobalSection(ProjectConfigurationPlatforms) = postSolution
		{845CDA1E-B89A-4BD0-A2FA-CEC8F4F3B723}.Debug|Any CPU.ActiveCfg = Debug|Any CPU
		{845CDA1E-B89A-4BD0-A2FA-CEC8F4F3B723}.Debug|Any CPU.Build.0 = Debug|Any CPU
		{845CDA1E-B89A-4BD0-A2FA-CEC8F4F3B723}.Release|Any CPU.ActiveCfg = Release|Any CPU
		{845CDA1E-B89A-4BD0-A2FA-CEC8F4F3B723}.Release|Any CPU.Build.0 = Release|Any CPU
	EndGlobalSection
	GlobalSection(SolutionProperties) = preSolution
		HideSolutionNode = FALSE
	EndGlobalSection
	GlobalSection(ExtensibilityGlobals) = postSolution
		SolutionGuid = {32102583-CEA1-41BB-BC48-0171CC03DC5D}
	EndGlobalSection
EndGlobal
